// !$*UTF8*$!
{
	archiveVersion = 1;
	classes = {
	};
	objectVersion = 48;
	objects = {

/* Begin PBXBuildFile section */
		01536A2020726FA900D4BD96 /* AppDelegate.swift in Sources */ = {isa = PBXBuildFile; fileRef = 01536A1F20726FA900D4BD96 /* AppDelegate.swift */; };
		01536A2220726FA900D4BD96 /* ViewController.swift in Sources */ = {isa = PBXBuildFile; fileRef = 01536A2120726FA900D4BD96 /* ViewController.swift */; };
		01536A2520726FA900D4BD96 /* Main.storyboard in Resources */ = {isa = PBXBuildFile; fileRef = 01536A2320726FA900D4BD96 /* Main.storyboard */; };
		01536A2720726FA900D4BD96 /* Assets.xcassets in Resources */ = {isa = PBXBuildFile; fileRef = 01536A2620726FA900D4BD96 /* Assets.xcassets */; };
		01536A2A20726FA900D4BD96 /* LaunchScreen.storyboard in Resources */ = {isa = PBXBuildFile; fileRef = 01536A2820726FA900D4BD96 /* LaunchScreen.storyboard */; };
		01536A33207286EB00D4BD96 /* InfoViewController.swift in Sources */ = {isa = PBXBuildFile; fileRef = 01536A32207286EB00D4BD96 /* InfoViewController.swift */; };
		01536A362072E4EA00D4BD96 /* HighScoreMember.swift in Sources */ = {isa = PBXBuildFile; fileRef = 01536A352072E4EA00D4BD96 /* HighScoreMember.swift */; };
		01536A382072E7B300D4BD96 /* HighScoreViewController.swift in Sources */ = {isa = PBXBuildFile; fileRef = 01536A372072E7B300D4BD96 /* HighScoreViewController.swift */; };
/* End PBXBuildFile section */

/* Begin PBXFileReference section */
		01536A1C20726FA900D4BD96 /* BullsEye.app */ = {isa = PBXFileReference; explicitFileType = wrapper.application; includeInIndex = 0; path = BullsEye.app; sourceTree = BUILT_PRODUCTS_DIR; };
		01536A1F20726FA900D4BD96 /* AppDelegate.swift */ = {isa = PBXFileReference; lastKnownFileType = sourcecode.swift; path = AppDelegate.swift; sourceTree = "<group>"; };
		01536A2120726FA900D4BD96 /* ViewController.swift */ = {isa = PBXFileReference; lastKnownFileType = sourcecode.swift; path = ViewController.swift; sourceTree = "<group>"; };
		01536A2420726FA900D4BD96 /* Base */ = {isa = PBXFileReference; lastKnownFileType = file.storyboard; name = Base; path = Base.lproj/Main.storyboard; sourceTree = "<group>"; };
		01536A2620726FA900D4BD96 /* Assets.xcassets */ = {isa = PBXFileReference; lastKnownFileType = folder.assetcatalog; path = Assets.xcassets; sourceTree = "<group>"; };
		01536A2920726FA900D4BD96 /* Base */ = {isa = PBXFileReference; lastKnownFileType = file.storyboard; name = Base; path = Base.lproj/LaunchScreen.storyboard; sourceTree = "<group>"; };
		01536A2B20726FA900D4BD96 /* Info.plist */ = {isa = PBXFileReference; lastKnownFileType = text.plist.xml; path = Info.plist; sourceTree = "<group>"; };
		01536A32207286EB00D4BD96 /* InfoViewController.swift */ = {isa = PBXFileReference; lastKnownFileType = sourcecode.swift; path = InfoViewController.swift; sourceTree = "<group>"; };
		01536A352072E4EA00D4BD96 /* HighScoreMember.swift */ = {isa = PBXFileReference; lastKnownFileType = sourcecode.swift; path = HighScoreMember.swift; sourceTree = "<group>"; };
		01536A372072E7B300D4BD96 /* HighScoreViewController.swift */ = {isa = PBXFileReference; lastKnownFileType = sourcecode.swift; path = HighScoreViewController.swift; sourceTree = "<group>"; };
/* End PBXFileReference section */

/* Begin PBXFrameworksBuildPhase section */
		01536A1920726FA900D4BD96 /* Frameworks */ = {
			isa = PBXFrameworksBuildPhase;
			buildActionMask = 2147483647;
			files = (
			);
			runOnlyForDeploymentPostprocessing = 0;
		};
/* End PBXFrameworksBuildPhase section */

/* Begin PBXGroup section */
		01536A1320726FA900D4BD96 = {
			isa = PBXGroup;
			children = (
				01536A1E20726FA900D4BD96 /* BullsEye */,
				01536A1D20726FA900D4BD96 /* Products */,
			);
			sourceTree = "<group>";
		};
		01536A1D20726FA900D4BD96 /* Products */ = {
			isa = PBXGroup;
			children = (
				01536A1C20726FA900D4BD96 /* BullsEye.app */,
			);
			name = Products;
			sourceTree = "<group>";
		};
		01536A1E20726FA900D4BD96 /* BullsEye */ = {
			isa = PBXGroup;
			children = (
				01536A2320726FA900D4BD96 /* Main.storyboard */,
				01536A2820726FA900D4BD96 /* LaunchScreen.storyboard */,
				01536A342072E4D300D4BD96 /* Model */,
				01536A31207286C100D4BD96 /* ViewControllers */,
				01536A1F20726FA900D4BD96 /* AppDelegate.swift */,
				01536A2620726FA900D4BD96 /* Assets.xcassets */,
				01536A2B20726FA900D4BD96 /* Info.plist */,
			);
			path = BullsEye;
			sourceTree = "<group>";
		};
		01536A31207286C100D4BD96 /* ViewControllers */ = {
			isa = PBXGroup;
			children = (
				01536A2120726FA900D4BD96 /* ViewController.swift */,
				01536A32207286EB00D4BD96 /* InfoViewController.swift */,
				01536A372072E7B300D4BD96 /* HighScoreViewController.swift */,
			);
			path = ViewControllers;
			sourceTree = "<group>";
		};
		01536A342072E4D300D4BD96 /* Model */ = {
			isa = PBXGroup;
			children = (
				01536A352072E4EA00D4BD96 /* HighScoreMember.swift */,
			);
			path = Model;
			sourceTree = "<group>";
		};
/* End PBXGroup section */

/* Begin PBXNativeTarget section */
		01536A1B20726FA900D4BD96 /* BullsEye */ = {
			isa = PBXNativeTarget;
			buildConfigurationList = 01536A2E20726FA900D4BD96 /* Build configuration list for PBXNativeTarget "BullsEye" */;
			buildPhases = (
				01536A1820726FA900D4BD96 /* Sources */,
				01536A1920726FA900D4BD96 /* Frameworks */,
				01536A1A20726FA900D4BD96 /* Resources */,
			);
			buildRules = (
			);
			dependencies = (
			);
			name = BullsEye;
			productName = BullsEye;
			productReference = 01536A1C20726FA900D4BD96 /* BullsEye.app */;
			productType = "com.apple.product-type.application";
		};
/* End PBXNativeTarget section */

/* Begin PBXProject section */
		01536A1420726FA900D4BD96 /* Project object */ = {
			isa = PBXProject;
			attributes = {
				LastSwiftUpdateCheck = 0920;
				LastUpgradeCheck = 0920;
				ORGANIZATIONNAME = "Kristopher Valas";
				TargetAttributes = {
					01536A1B20726FA900D4BD96 = {
						CreatedOnToolsVersion = 9.2;
						ProvisioningStyle = Automatic;
					};
				};
			};
			buildConfigurationList = 01536A1720726FA900D4BD96 /* Build configuration list for PBXProject "BullsEye" */;
			compatibilityVersion = "Xcode 8.0";
			developmentRegion = en;
			hasScannedForEncodings = 0;
			knownRegions = (
				en,
				Base,
			);
			mainGroup = 01536A1320726FA900D4BD96;
			productRefGroup = 01536A1D20726FA900D4BD96 /* Products */;
			projectDirPath = "";
			projectRoot = "";
			targets = (
				01536A1B20726FA900D4BD96 /* BullsEye */,
			);
		};
/* End PBXProject section */

/* Begin PBXResourcesBuildPhase section */
		01536A1A20726FA900D4BD96 /* Resources */ = {
			isa = PBXResourcesBuildPhase;
			buildActionMask = 2147483647;
			files = (
				01536A2A20726FA900D4BD96 /* LaunchScreen.storyboard in Resources */,
				01536A2720726FA900D4BD96 /* Assets.xcassets in Resources */,
				01536A2520726FA900D4BD96 /* Main.storyboard in Resources */,
			);
			runOnlyForDeploymentPostprocessing = 0;
		};
/* End PBXResourcesBuildPhase section */

/* Begin PBXSourcesBuildPhase section */
		01536A1820726FA900D4BD96 /* Sources */ = {
			isa = PBXSourcesBuildPhase;
			buildActionMask = 2147483647;
			files = (
				01536A2220726FA900D4BD96 /* ViewController.swift in Sources */,
				01536A382072E7B300D4BD96 /* HighScoreViewController.swift in Sources */,
				01536A362072E4EA00D4BD96 /* HighScoreMember.swift in Sources */,
				01536A33207286EB00D4BD96 /* InfoViewController.swift in Sources */,
				01536A2020726FA900D4BD96 /* AppDelegate.swift in Sources */,
			);
			runOnlyForDeploymentPostprocessing = 0;
		};
/* End PBXSourcesBuildPhase section */

/* Begin PBXVariantGroup section */
		01536A2320726FA900D4BD96 /* Main.storyboard */ = {
			isa = PBXVariantGroup;
			children = (
				01536A2420726FA900D4BD96 /* Base */,
			);
			name = Main.storyboard;
			sourceTree = "<group>";
		};
		01536A2820726FA900D4BD96 /* LaunchScreen.storyboard */ = {
			isa = PBXVariantGroup;
			children = (
				01536A2920726FA900D4BD96 /* Base */,
			);
			name = LaunchScreen.storyboard;
			sourceTree = "<group>";
		};
/* End PBXVariantGroup section */

/* Begin XCBuildConfiguration section */
		01536A2C20726FA900D4BD96 /* Debug */ = {
			isa = XCBuildConfiguration;
			buildSettings = {
				ALWAYS_SEARCH_USER_PATHS = NO;
				CLANG_ANALYZER_NONNULL = YES;
				CLANG_ANALYZER_NUMBER_OBJECT_CONVERSION = YES_AGGRESSIVE;
				CLANG_CXX_LANGUAGE_STANDARD = "gnu++14";
				CLANG_CXX_LIBRARY = "libc++";
				CLANG_ENABLE_MODULES = YES;
				CLANG_ENABLE_OBJC_ARC = YES;
				CLANG_WARN_BLOCK_CAPTURE_AUTORELEASING = YES;
				CLANG_WARN_BOOL_CONVERSION = YES;
				CLANG_WARN_COMMA = YES;
				CLANG_WARN_CONSTANT_CONVERSION = YES;
				CLANG_WARN_DIRECT_OBJC_ISA_USAGE = YES_ERROR;
				CLANG_WARN_DOCUMENTATION_COMMENTS = YES;
				CLANG_WARN_EMPTY_BODY = YES;
				CLANG_WARN_ENUM_CONVERSION = YES;
				CLANG_WARN_INFINITE_RECURSION = YES;
				CLANG_WARN_INT_CONVERSION = YES;
				CLANG_WARN_NON_LITERAL_NULL_CONVERSION = YES;
				CLANG_WARN_OBJC_LITERAL_CONVERSION = YES;
				CLANG_WARN_OBJC_ROOT_CLASS = YES_ERROR;
				CLANG_WARN_RANGE_LOOP_ANALYSIS = YES;
				CLANG_WARN_STRICT_PROTOTYPES = YES;
				CLANG_WARN_SUSPICIOUS_MOVE = YES;
				CLANG_WARN_UNGUARDED_AVAILABILITY = YES_AGGRESSIVE;
				CLANG_WARN_UNREACHABLE_CODE = YES;
				CLANG_WARN__DUPLICATE_METHOD_MATCH = YES;
				CODE_SIGN_IDENTITY = "iPhone Developer";
				COPY_PHASE_STRIP = NO;
				DEBUG_INFORMATION_FORMAT = dwarf;
				ENABLE_STRICT_OBJC_MSGSEND = YES;
				ENABLE_TESTABILITY = YES;
				GCC_C_LANGUAGE_STANDARD = gnu11;
				GCC_DYNAMIC_NO_PIC = NO;
				GCC_NO_COMMON_BLOCKS = YES;
				GCC_OPTIMIZATION_LEVEL = 0;
				GCC_PREPROCESSOR_DEFINITIONS = (
					"DEBUG=1",
					"$(inherited)",
				);
				GCC_WARN_64_TO_32_BIT_CONVERSION = YES;
				GCC_WARN_ABOUT_RETURN_TYPE = YES_ERROR;
				GCC_WARN_UNDECLARED_SELECTOR = YES;
				GCC_WARN_UNINITIALIZED_AUTOS = YES_AGGRESSIVE;
				GCC_WARN_UNUSED_FUNCTION = YES;
				GCC_WARN_UNUSED_VARIABLE = YES;
				IPHONEOS_DEPLOYMENT_TARGET = 11.2;
				MTL_ENABLE_DEBUG_INFO = YES;
				ONLY_ACTIVE_ARCH = YES;
				SDKROOT = iphoneos;
				SWIFT_ACTIVE_COMPILATION_CONDITIONS = DEBUG;
				SWIFT_OPTIMIZATION_LEVEL = "-Onone";
			};
			name = Debug;
		};
		01536A2D20726FA900D4BD96 /* Release */ = {
			isa = XCBuildConfiguration;
			buildSettings = {
				ALWAYS_SEARCH_USER_PATHS = NO;
				CLANG_ANALYZER_NONNULL = YES;
				CLANG_ANALYZER_NUMBER_OBJECT_CONVERSION = YES_AGGRESSIVE;
				CLANG_CXX_LANGUAGE_STANDARD = "gnu++14";
				CLANG_CXX_LIBRARY = "libc++";
				CLANG_ENABLE_MODULES = YES;
				CLANG_ENABLE_OBJC_ARC = YES;
				CLANG_WARN_BLOCK_CAPTURE_AUTORELEASING = YES;
				CLANG_WARN_BOOL_CONVERSION = YES;
				CLANG_WARN_COMMA = YES;
				CLANG_WARN_CONSTANT_CONVERSION = YES;
				CLANG_WARN_DIRECT_OBJC_ISA_USAGE = YES_ERROR;
				CLANG_WARN_DOCUMENTATION_COMMENTS = YES;
				CLANG_WARN_EMPTY_BODY = YES;
				CLANG_WARN_ENUM_CONVERSION = YES;
				CLANG_WARN_INFINITE_RECURSION = YES;
				CLANG_WARN_INT_CONVERSION = YES;
				CLANG_WARN_NON_LITERAL_NULL_CONVERSION = YES;
				CLANG_WARN_OBJC_LITERAL_CONVERSION = YES;
				CLANG_WARN_OBJC_ROOT_CLASS = YES_ERROR;
				CLANG_WARN_RANGE_LOOP_ANALYSIS = YES;
				CLANG_WARN_STRICT_PROTOTYPES = YES;
				CLANG_WARN_SUSPICIOUS_MOVE = YES;
				CLANG_WARN_UNGUARDED_AVAILABILITY = YES_AGGRESSIVE;
				CLANG_WARN_UNREACHABLE_CODE = YES;
				CLANG_WARN__DUPLICATE_METHOD_MATCH = YES;
				CODE_SIGN_IDENTITY = "iPhone Developer";
				COPY_PHASE_STRIP = NO;
				DEBUG_INFORMATION_FORMAT = "dwarf-with-dsym";
				ENABLE_NS_ASSERTIONS = NO;
				ENABLE_STRICT_OBJC_MSGSEND = YES;
				GCC_C_LANGUAGE_STANDARD = gnu11;
				GCC_NO_COMMON_BLOCKS = YES;
				GCC_WARN_64_TO_32_BIT_CONVERSION = YES;
				GCC_WARN_ABOUT_RETURN_TYPE = YES_ERROR;
				GCC_WARN_UNDECLARED_SELECTOR = YES;
				GCC_WARN_UNINITIALIZED_AUTOS = YES_AGGRESSIVE;
				GCC_WARN_UNUSED_FUNCTION = YES;
				GCC_WARN_UNUSED_VARIABLE = YES;
				IPHONEOS_DEPLOYMENT_TARGET = 11.2;
				MTL_ENABLE_DEBUG_INFO = NO;
				SDKROOT = iphoneos;
				SWIFT_OPTIMIZATION_LEVEL = "-Owholemodule";
				VALIDATE_PRODUCT = YES;
			};
			name = Release;
		};
		01536A2F20726FA900D4BD96 /* Debug */ = {
			isa = XCBuildConfiguration;
			buildSettings = {
				ASSETCATALOG_COMPILER_APPICON_NAME = AppIcon;
				CODE_SIGN_STYLE = Automatic;
				DEVELOPMENT_TEAM = VAJMQE9B4B;
				INFOPLIST_FILE = BullsEye/Info.plist;
				LD_RUNPATH_SEARCH_PATHS = "$(inherited) @executable_path/Frameworks";
				PRODUCT_BUNDLE_IDENTIFIER = com.KrisValas.BullsEye;
				PRODUCT_NAME = "$(TARGET_NAME)";
				SWIFT_VERSION = 4.0;
				TARGETED_DEVICE_FAMILY = "1,2";
			};
			name = Debug;
		};
		01536A3020726FA900D4BD96 /* Release */ = {
			isa = XCBuildConfiguration;
			buildSettings = {
				ASSETCATALOG_COMPILER_APPICON_NAME = AppIcon;
				CODE_SIGN_STYLE = Automatic;
				DEVELOPMENT_TEAM = VAJMQE9B4B;
				INFOPLIST_FILE = BullsEye/Info.plist;
				LD_RUNPATH_SEARCH_PATHS = "$(inherited) @executable_path/Frameworks";
				PRODUCT_BUNDLE_IDENTIFIER = com.KrisValas.BullsEye;
				PRODUCT_NAME = "$(TARGET_NAME)";
				SWIFT_VERSION = 4.0;
				TARGETED_DEVICE_FAMILY = "1,2";
			};
			name = Release;
		};
/* End XCBuildConfiguration section */

/* Begin XCConfigurationList section */
		01536A1720726FA900D4BD96 /* Build configuration list for PBXProject "BullsEye" */ = {
			isa = XCConfigurationList;
			buildConfigurations = (
				01536A2C20726FA900D4BD96 /* Debug */,
				01536A2D20726FA900D4BD96 /* Release */,
			);
			defaultConfigurationIsVisible = 0;
			defaultConfigurationName = Release;
		};
		01536A2E20726FA900D4BD96 /* Build configuration list for PBXNativeTarget "BullsEye" */ = {
			isa = XCConfigurationList;
			buildConfigurations = (
				01536A2F20726FA900D4BD96 /* Debug */,
				01536A3020726FA900D4BD96 /* Release */,
			);
			defaultConfigurationIsVisible = 0;
			defaultConfigurationName = Release;
		};
/* End XCConfigurationList section */
	};
	rootObject = 01536A1420726FA900D4BD96 /* Project object */;
}
